# @generated - this file is auto-generated by `mise lock` https://mise.en.dev/dev-tools/mise-lock.html

[[tools.actionlint]]
version = "1.7.12"
backend = "aqua:rhysd/actionlint"

[tools.actionlint."platforms.linux-arm64"]
checksum = "sha256:325e971b6ba9bfa504672e29be93c24981eeb1c07576d730e9f7c8805afff0c6"
url = "https://github.com/rhysd/actionlint/releases/download/v1.7.12/actionlint_1.7.12_linux_arm64.tar.gz"
provenance = "github-attestations"

[tools.actionlint."platforms.linux-arm64-musl"]
checksum = "sha256:325e971b6ba9bfa504672e29be93c24981eeb1c07576d730e9f7c8805afff0c6"
url = "https://github.com/rhysd/actionlint/releases/download/v1.7.12/actionlint_1.7.12_linux_arm64.tar.gz"
provenance = "github-attestations"

[tools.actionlint."platforms.linux-x64"]
checksum = "sha256:8aca8db96f1b94770f1b0d72b6dddcb1ebb8123cb3712530b08cc387b349a3d8"
url = "https://github.com/rhysd/actionlint/releases/download/v1.7.12/actionlint_1.7.12_linux_amd64.tar.gz"
provenance = "github-attestations"

[tools.actionlint."platforms.linux-x64-baseline"]
checksum = "sha256:8aca8db96f1b94770f1b0d72b6dddcb1ebb8123cb3712530b08cc387b349a3d8"
url = "https://github.com/rhysd/actionlint/releases/download/v1.7.12/actionlint_1.7.12_linux_amd64.tar.gz"
provenance = "github-attestations"

[tools.actionlint."platforms.linux-x64-musl"]
checksum = "sha256:8aca8db96f1b94770f1b0d72b6dddcb1ebb8123cb3712530b08cc387b349a3d8"
url = "https://github.com/rhysd/actionlint/releases/download/v1.7.12/actionlint_1.7.12_linux_amd64.tar.gz"
provenance = "github-attestations"

[tools.actionlint."platforms.linux-x64-musl-baseline"]
checksum = "sha256:8aca8db96f1b94770f1b0d72b6dddcb1ebb8123cb3712530b08cc387b349a3d8"
url = "https://github.com/rhysd/actionlint/releases/download/v1.7.12/actionlint_1.7.12_linux_amd64.tar.gz"
provenance = "github-attestations"

[tools.actionlint."platforms.macos-arm64"]
checksum = "sha256:aba9ced2dee8d27fecca3dc7feb1a7f9a52caefa1eb46f3271ea66b6e0e6953f"
url = "https://github.com/rhysd/actionlint/releases/download/v1.7.12/actionlint_1.7.12_darwin_arm64.tar.gz"
provenance = "github-attestations"

[tools.actionlint."platforms.macos-x64"]
checksum = "sha256:5b44c3bc2255115c9b69e30efc0fecdf498fdb63c5d58e17084fd5f16324c644"
url = "https://github.com/rhysd/actionlint/releases/download/v1.7.12/actionlint_1.7.12_darwin_amd64.tar.gz"
provenance = "github-attestations"

[tools.actionlint."platforms.macos-x64-baseline"]
checksum = "sha256:5b44c3bc2255115c9b69e30efc0fecdf498fdb63c5d58e17084fd5f16324c644"
url = "https://github.com/rhysd/actionlint/releases/download/v1.7.12/actionlint_1.7.12_darwin_amd64.tar.gz"
provenance = "github-attestations"

[tools.actionlint."platforms.windows-x64"]
checksum = "sha256:6e7241b51e6817ea6a047693d8e6fed13b31819c9a0dd6c5a726e1592d22f6e9"
url = "https://github.com/rhysd/actionlint/releases/download/v1.7.12/actionlint_1.7.12_windows_amd64.zip"
provenance = "github-attestations"

[tools.actionlint."platforms.windows-x64-baseline"]
checksum = "sha256:6e7241b51e6817ea6a047693d8e6fed13b31819c9a0dd6c5a726e1592d22f6e9"
url = "https://github.com/rhysd/actionlint/releases/download/v1.7.12/actionlint_1.7.12_windows_amd64.zip"
provenance = "github-attestations"

[[tools.cocogitto]]
version = "7.0.0"
backend = "aqua:cocogitto/cocogitto"

[tools.cocogitto."platforms.linux-arm64"]
checksum = "sha256:379949f50c4f8245ef9532913e83f351c048b55e40ebd52ed8a850642c07a753"
url = "https://github.com/cocogitto/cocogitto/releases/download/7.0.0/cocogitto-7.0.0-aarch64-unknown-linux-gnu.tar.gz"

[tools.cocogitto."platforms.linux-x64"]
checksum = "sha256:e03938ff2c4c86d71c00c0f3284dbbe95c5ca76fe34a51f33e945c23010d59bb"
url = "https://github.com/cocogitto/cocogitto/releases/download/7.0.0/cocogitto-7.0.0-x86_64-unknown-linux-musl.tar.gz"

[tools.cocogitto."platforms.linux-x64-baseline"]
checksum = "sha256:e03938ff2c4c86d71c00c0f3284dbbe95c5ca76fe34a51f33e945c23010d59bb"
url = "https://github.com/cocogitto/cocogitto/releases/download/7.0.0/cocogitto-7.0.0-x86_64-unknown-linux-musl.tar.gz"

[tools.cocogitto."platforms.linux-x64-musl"]
checksum = "sha256:e03938ff2c4c86d71c00c0f3284dbbe95c5ca76fe34a51f33e945c23010d59bb"
url = "https://github.com/cocogitto/cocogitto/releases/download/7.0.0/cocogitto-7.0.0-x86_64-unknown-linux-musl.tar.gz"

[tools.cocogitto."platforms.linux-x64-musl-baseline"]
checksum = "sha256:e03938ff2c4c86d71c00c0f3284dbbe95c5ca76fe34a51f33e945c23010d59bb"
url = "https://github.com/cocogitto/cocogitto/releases/download/7.0.0/cocogitto-7.0.0-x86_64-unknown-linux-musl.tar.gz"

[tools.cocogitto."platforms.macos-arm64"]
checksum = "sha256:429303b6d68c6461aa221ab4de82b26d0bbcdee7127947ea9c7c411ab9bc574c"
url = "https://github.com/cocogitto/cocogitto/releases/download/7.0.0/cocogitto-7.0.0-aarch64-apple-darwin.tar.gz"

[tools.cocogitto."platforms.macos-x64"]
checksum = "sha256:591dcd462e2e35ecc21caf41a15a65d464b7ce1ce8a5c299fa0d46a7798dddb0"
url = "https://github.com/cocogitto/cocogitto/releases/download/7.0.0/cocogitto-7.0.0-x86_64-apple-darwin.tar.gz"

[tools.cocogitto."platforms.macos-x64-baseline"]
checksum = "sha256:591dcd462e2e35ecc21caf41a15a65d464b7ce1ce8a5c299fa0d46a7798dddb0"
url = "https://github.com/cocogitto/cocogitto/releases/download/7.0.0/cocogitto-7.0.0-x86_64-apple-darwin.tar.gz"

[tools.cocogitto."platforms.windows-x64"]
checksum = "sha256:074f68f05d270da5c0d69d3e234ec362bec4c6e3189c21d1c948d038603655d7"
url = "https://github.com/cocogitto/cocogitto/releases/download/7.0.0/cocogitto-7.0.0-x86_64-pc-windows-msvc.tar.gz"

[tools.cocogitto."platforms.windows-x64-baseline"]
checksum = "sha256:074f68f05d270da5c0d69d3e234ec362bec4c6e3189c21d1c948d038603655d7"
url = "https://github.com/cocogitto/cocogitto/releases/download/7.0.0/cocogitto-7.0.0-x86_64-pc-windows-msvc.tar.gz"

[[tools.cosign]]
version = "3.0.6"
backend = "aqua:sigstore/cosign"

[tools.cosign."platforms.linux-arm64"]
checksum = "sha256:bedac92e8c3729864e13d4a17048007cfafa79d5deca993a43a90ffe018ef2b8"
url = "https://github.com/sigstore/cosign/releases/download/v3.0.6/cosign-linux-arm64"
provenance = "cosign"

[tools.cosign."platforms.linux-arm64-musl"]
checksum = "sha256:bedac92e8c3729864e13d4a17048007cfafa79d5deca993a43a90ffe018ef2b8"
url = "https://github.com/sigstore/cosign/releases/download/v3.0.6/cosign-linux-arm64"
provenance = "cosign"

[tools.cosign."platforms.linux-x64"]
checksum = "sha256:c956e5dfcac53d52bcf058360d579472f0c1d2d9b69f55209e256fe7783f4c74"
url = "https://github.com/sigstore/cosign/releases/download/v3.0.6/cosign-linux-amd64"
provenance = "cosign"

[tools.cosign."platforms.linux-x64-baseline"]
checksum = "sha256:c956e5dfcac53d52bcf058360d579472f0c1d2d9b69f55209e256fe7783f4c74"
url = "https://github.com/sigstore/cosign/releases/download/v3.0.6/cosign-linux-amd64"
provenance = "cosign"

[tools.cosign."platforms.linux-x64-musl"]
checksum = "sha256:c956e5dfcac53d52bcf058360d579472f0c1d2d9b69f55209e256fe7783f4c74"
url = "https://github.com/sigstore/cosign/releases/download/v3.0.6/cosign-linux-amd64"
provenance = "cosign"

[tools.cosign."platforms.linux-x64-musl-baseline"]
checksum = "sha256:c956e5dfcac53d52bcf058360d579472f0c1d2d9b69f55209e256fe7783f4c74"
url = "https://github.com/sigstore/cosign/releases/download/v3.0.6/cosign-linux-amd64"
provenance = "cosign"

[tools.cosign."platforms.macos-arm64"]
checksum = "sha256:5fadd012ae6381a6a29ff86a7d39aa873878852f1073fc90b15995961ecfb084"
url = "https://github.com/sigstore/cosign/releases/download/v3.0.6/cosign-darwin-arm64"
provenance = "cosign"

[tools.cosign."platforms.macos-x64"]
checksum = "sha256:4c3e7af8372d3ca3296e62fa56f23fcbb5721cc6ac1827900d398f110d7cd280"
url = "https://github.com/sigstore/cosign/releases/download/v3.0.6/cosign-darwin-amd64"
provenance = "cosign"

[tools.cosign."platforms.macos-x64-baseline"]
checksum = "sha256:4c3e7af8372d3ca3296e62fa56f23fcbb5721cc6ac1827900d398f110d7cd280"
url = "https://github.com/sigstore/cosign/releases/download/v3.0.6/cosign-darwin-amd64"
provenance = "cosign"

[tools.cosign."platforms.windows-x64"]
checksum = "sha256:9b85a88ebff2d9dd30ff4984a6f61f2cedc232dd87d81fa7f2ff3c0ed96c241c"
url = "https://github.com/sigstore/cosign/releases/download/v3.0.6/cosign-windows-amd64.exe"
provenance = "cosign"

[tools.cosign."platforms.windows-x64-baseline"]
checksum = "sha256:9b85a88ebff2d9dd30ff4984a6f61f2cedc232dd87d81fa7f2ff3c0ed96c241c"
url = "https://github.com/sigstore/cosign/releases/download/v3.0.6/cosign-windows-amd64.exe"
provenance = "cosign"

[[tools."github:lauritsk/sambatui"]]
version = "0.7.1"
backend = "github:lauritsk/sambatui"

[tools."github:lauritsk/sambatui"."platforms.linux-arm64"]
checksum = "sha256:c20d71056c60fdc2c8ced70f29cfbdbde63cd41a9fb87c1145c0ceb751de4c26"
url = "https://github.com/lauritsk/sambatui/releases/download/v0.7.1/sambatui-0.7.1.tar.gz"
url_api = "https://api.github.com/repos/lauritsk/sambatui/releases/assets/422009062"
provenance = "github-attestations"

[tools."github:lauritsk/sambatui"."platforms.linux-arm64-musl"]
checksum = "sha256:c20d71056c60fdc2c8ced70f29cfbdbde63cd41a9fb87c1145c0ceb751de4c26"
url = "https://github.com/lauritsk/sambatui/releases/download/v0.7.1/sambatui-0.7.1.tar.gz"
url_api = "https://api.github.com/repos/lauritsk/sambatui/releases/assets/422009062"
provenance = "github-attestations"

[tools."github:lauritsk/sambatui"."platforms.linux-x64"]
checksum = "sha256:c20d71056c60fdc2c8ced70f29cfbdbde63cd41a9fb87c1145c0ceb751de4c26"
url = "https://github.com/lauritsk/sambatui/releases/download/v0.7.1/sambatui-0.7.1.tar.gz"
url_api = "https://api.github.com/repos/lauritsk/sambatui/releases/assets/422009062"
provenance = "github-attestations"

[tools."github:lauritsk/sambatui"."platforms.linux-x64-baseline"]
checksum = "sha256:c20d71056c60fdc2c8ced70f29cfbdbde63cd41a9fb87c1145c0ceb751de4c26"
url = "https://github.com/lauritsk/sambatui/releases/download/v0.7.1/sambatui-0.7.1.tar.gz"
url_api = "https://api.github.com/repos/lauritsk/sambatui/releases/assets/422009062"
provenance = "github-attestations"

[tools."github:lauritsk/sambatui"."platforms.linux-x64-musl"]
checksum = "sha256:c20d71056c60fdc2c8ced70f29cfbdbde63cd41a9fb87c1145c0ceb751de4c26"
url = "https://github.com/lauritsk/sambatui/releases/download/v0.7.1/sambatui-0.7.1.tar.gz"
url_api = "https://api.github.com/repos/lauritsk/sambatui/releases/assets/422009062"
provenance = "github-attestations"

[tools."github:lauritsk/sambatui"."platforms.linux-x64-musl-baseline"]
checksum = "sha256:c20d71056c60fdc2c8ced70f29cfbdbde63cd41a9fb87c1145c0ceb751de4c26"
url = "https://github.com/lauritsk/sambatui/releases/download/v0.7.1/sambatui-0.7.1.tar.gz"
url_api = "https://api.github.com/repos/lauritsk/sambatui/releases/assets/422009062"
provenance = "github-attestations"

[tools."github:lauritsk/sambatui"."platforms.macos-arm64"]
checksum = "sha256:c20d71056c60fdc2c8ced70f29cfbdbde63cd41a9fb87c1145c0ceb751de4c26"
url = "https://github.com/lauritsk/sambatui/releases/download/v0.7.1/sambatui-0.7.1.tar.gz"
url_api = "https://api.github.com/repos/lauritsk/sambatui/releases/assets/422009062"
provenance = "github-attestations"

[tools."github:lauritsk/sambatui"."platforms.macos-x64"]
checksum = "sha256:c20d71056c60fdc2c8ced70f29cfbdbde63cd41a9fb87c1145c0ceb751de4c26"
url = "https://github.com/lauritsk/sambatui/releases/download/v0.7.1/sambatui-0.7.1.tar.gz"
url_api = "https://api.github.com/repos/lauritsk/sambatui/releases/assets/422009062"
provenance = "github-attestations"

[tools."github:lauritsk/sambatui"."platforms.macos-x64-baseline"]
checksum = "sha256:c20d71056c60fdc2c8ced70f29cfbdbde63cd41a9fb87c1145c0ceb751de4c26"
url = "https://github.com/lauritsk/sambatui/releases/download/v0.7.1/sambatui-0.7.1.tar.gz"
url_api = "https://api.github.com/repos/lauritsk/sambatui/releases/assets/422009062"
provenance = "github-attestations"

[tools."github:lauritsk/sambatui"."platforms.windows-x64"]
checksum = "sha256:c20d71056c60fdc2c8ced70f29cfbdbde63cd41a9fb87c1145c0ceb751de4c26"
url = "https://github.com/lauritsk/sambatui/releases/download/v0.7.1/sambatui-0.7.1.tar.gz"
url_api = "https://api.github.com/repos/lauritsk/sambatui/releases/assets/422009062"
provenance = "github-attestations"

[tools."github:lauritsk/sambatui"."platforms.windows-x64-baseline"]
checksum = "sha256:c20d71056c60fdc2c8ced70f29cfbdbde63cd41a9fb87c1145c0ceb751de4c26"
url = "https://github.com/lauritsk/sambatui/releases/download/v0.7.1/sambatui-0.7.1.tar.gz"
url_api = "https://api.github.com/repos/lauritsk/sambatui/releases/assets/422009062"
provenance = "github-attestations"

[[tools.goreleaser]]
version = "2.16.0"
backend = "aqua:goreleaser/goreleaser"

[tools.goreleaser."platforms.linux-arm64"]
checksum = "sha256:0102d974373fcdeb77042d1f5897caffa193be36620fdc6c1da43a01ef8e10d3"
url = "https://github.com/goreleaser/goreleaser/releases/download/v2.16.0/goreleaser_Linux_arm64.tar.gz"
provenance = "github-attestations"

[tools.goreleaser."platforms.linux-arm64-musl"]
checksum = "sha256:0102d974373fcdeb77042d1f5897caffa193be36620fdc6c1da43a01ef8e10d3"
url = "https://github.com/goreleaser/goreleaser/releases/download/v2.16.0/goreleaser_Linux_arm64.tar.gz"
provenance = "github-attestations"

[tools.goreleaser."platforms.linux-x64"]
checksum = "sha256:eaae05b5eba07533bd0f06846b68c808399504784df00c62eb219541fc04e5e2"
url = "https://github.com/goreleaser/goreleaser/releases/download/v2.16.0/goreleaser_Linux_x86_64.tar.gz"
provenance = "github-attestations"

[tools.goreleaser."platforms.linux-x64-baseline"]
checksum = "sha256:eaae05b5eba07533bd0f06846b68c808399504784df00c62eb219541fc04e5e2"
url = "https://github.com/goreleaser/goreleaser/releases/download/v2.16.0/goreleaser_Linux_x86_64.tar.gz"
provenance = "github-attestations"

[tools.goreleaser."platforms.linux-x64-musl"]
checksum = "sha256:eaae05b5eba07533bd0f06846b68c808399504784df00c62eb219541fc04e5e2"
url = "https://github.com/goreleaser/goreleaser/releases/download/v2.16.0/goreleaser_Linux_x86_64.tar.gz"
provenance = "github-attestations"

[tools.goreleaser."platforms.linux-x64-musl-baseline"]
checksum = "sha256:eaae05b5eba07533bd0f06846b68c808399504784df00c62eb219541fc04e5e2"
url = "https://github.com/goreleaser/goreleaser/releases/download/v2.16.0/goreleaser_Linux_x86_64.tar.gz"
provenance = "github-attestations"

[tools.goreleaser."platforms.macos-arm64"]
checksum = "sha256:6a102e4d588fd3553a9ac7321ca6023a9f205843f4861ca35bd337dfa9e72ece"
url = "https://github.com/goreleaser/goreleaser/releases/download/v2.16.0/goreleaser_Darwin_all.tar.gz"
provenance = "github-attestations"

[tools.goreleaser."platforms.macos-x64"]
checksum = "sha256:6a102e4d588fd3553a9ac7321ca6023a9f205843f4861ca35bd337dfa9e72ece"
url = "https://github.com/goreleaser/goreleaser/releases/download/v2.16.0/goreleaser_Darwin_all.tar.gz"
provenance = "github-attestations"

[tools.goreleaser."platforms.macos-x64-baseline"]
checksum = "sha256:6a102e4d588fd3553a9ac7321ca6023a9f205843f4861ca35bd337dfa9e72ece"
url = "https://github.com/goreleaser/goreleaser/releases/download/v2.16.0/goreleaser_Darwin_all.tar.gz"
provenance = "github-attestations"

[tools.goreleaser."platforms.windows-x64"]
checksum = "sha256:6fe5eda11f0bcac8069aff3ef3dcb0b11816c9e95f89773595564697a5278bc9"
url = "https://github.com/goreleaser/goreleaser/releases/download/v2.16.0/goreleaser_Windows_x86_64.zip"
provenance = "github-attestations"

[tools.goreleaser."platforms.windows-x64-baseline"]
checksum = "sha256:6fe5eda11f0bcac8069aff3ef3dcb0b11816c9e95f89773595564697a5278bc9"
url = "https://github.com/goreleaser/goreleaser/releases/download/v2.16.0/goreleaser_Windows_x86_64.zip"
provenance = "github-attestations"

[[tools.hk]]
version = "1.47.0"
backend = "aqua:jdx/hk"

[tools.hk."platforms.linux-arm64"]
checksum = "sha256:61250d1d3505ca6814aadb7edcde69054a757cb04bd7d20ffd3a0103494e700a"
url = "https://github.com/jdx/hk/releases/download/v1.47.0/hk-aarch64-unknown-linux-gnu.tar.gz"

[tools.hk."platforms.linux-arm64-musl"]
checksum = "sha256:47801ba27483c7724d5d07873a1d69aa99ca1ece69b6e0542ac288fbab32c430"
url = "https://github.com/jdx/hk/releases/download/v1.47.0/hk-aarch64-unknown-linux-musl.tar.gz"

[tools.hk."platforms.linux-x64"]
checksum = "sha256:4b10b3f9ecf5b95035f96ce45fd58cab81b255b894c52c4651e444e2f7a261f6"
url = "https://github.com/jdx/hk/releases/download/v1.47.0/hk-x86_64-unknown-linux-gnu.tar.gz"

[tools.hk."platforms.linux-x64-baseline"]
checksum = "sha256:4b10b3f9ecf5b95035f96ce45fd58cab81b255b894c52c4651e444e2f7a261f6"
url = "https://github.com/jdx/hk/releases/download/v1.47.0/hk-x86_64-unknown-linux-gnu.tar.gz"

[tools.hk."platforms.linux-x64-musl"]
checksum = "sha256:50df294e8413d39256ca71b3198899fc018b0f6f98a886c0b20bbdec867e272d"
url = "https://github.com/jdx/hk/releases/download/v1.47.0/hk-x86_64-unknown-linux-musl.tar.gz"

[tools.hk."platforms.linux-x64-musl-baseline"]
checksum = "sha256:50df294e8413d39256ca71b3198899fc018b0f6f98a886c0b20bbdec867e272d"
url = "https://github.com/jdx/hk/releases/download/v1.47.0/hk-x86_64-unknown-linux-musl.tar.gz"

[tools.hk."platforms.macos-arm64"]
checksum = "sha256:3c2a5c8af797bfe7c6f91930966135d62d06222fafbfd3ecaba3eb2d48943ac3"
url = "https://github.com/jdx/hk/releases/download/v1.47.0/hk-aarch64-apple-darwin.tar.gz"

[tools.hk."platforms.windows-x64"]
checksum = "sha256:808544917b7bf3d14e049a3c672152d8d38ea116ebb04b8fd0ec1636dcf84360"
url = "https://github.com/jdx/hk/releases/download/v1.47.0/hk-x86_64-pc-windows-msvc.zip"

[tools.hk."platforms.windows-x64-baseline"]
checksum = "sha256:808544917b7bf3d14e049a3c672152d8d38ea116ebb04b8fd0ec1636dcf84360"
url = "https://github.com/jdx/hk/releases/download/v1.47.0/hk-x86_64-pc-windows-msvc.zip"

[[tools.ruff]]
version = "0.15.16"
backend = "aqua:astral-sh/ruff"

[tools.ruff."platforms.linux-arm64"]
checksum = "sha256:3b39fc2608e12c554d42f6950a5ea131db8d8a0736c8949b3581c361f9f011d4"
url = "https://github.com/astral-sh/ruff/releases/download/0.15.16/ruff-aarch64-unknown-linux-musl.tar.gz"
provenance = "github-attestations"

[tools.ruff."platforms.linux-arm64-musl"]
checksum = "sha256:3b39fc2608e12c554d42f6950a5ea131db8d8a0736c8949b3581c361f9f011d4"
url = "https://github.com/astral-sh/ruff/releases/download/0.15.16/ruff-aarch64-unknown-linux-musl.tar.gz"
provenance = "github-attestations"

[tools.ruff."platforms.linux-x64"]
checksum = "sha256:f52d90f8a6b1b3ad7d74301c3c796652e851d8f05b6ba26d139f05f4838cf412"
url = "https://github.com/astral-sh/ruff/releases/download/0.15.16/ruff-x86_64-unknown-linux-musl.tar.gz"
provenance = "github-attestations"

[tools.ruff."platforms.linux-x64-baseline"]
checksum = "sha256:f52d90f8a6b1b3ad7d74301c3c796652e851d8f05b6ba26d139f05f4838cf412"
url = "https://github.com/astral-sh/ruff/releases/download/0.15.16/ruff-x86_64-unknown-linux-musl.tar.gz"
provenance = "github-attestations"

[tools.ruff."platforms.linux-x64-musl"]
checksum = "sha256:f52d90f8a6b1b3ad7d74301c3c796652e851d8f05b6ba26d139f05f4838cf412"
url = "https://github.com/astral-sh/ruff/releases/download/0.15.16/ruff-x86_64-unknown-linux-musl.tar.gz"
provenance = "github-attestations"

[tools.ruff."platforms.linux-x64-musl-baseline"]
checksum = "sha256:f52d90f8a6b1b3ad7d74301c3c796652e851d8f05b6ba26d139f05f4838cf412"
url = "https://github.com/astral-sh/ruff/releases/download/0.15.16/ruff-x86_64-unknown-linux-musl.tar.gz"
provenance = "github-attestations"

[tools.ruff."platforms.macos-arm64"]
checksum = "sha256:9deb6c4c38c9324bfd98ea4efb40946aae99a987e7f9d1308a1291f14f6b46e2"
url = "https://github.com/astral-sh/ruff/releases/download/0.15.16/ruff-aarch64-apple-darwin.tar.gz"
provenance = "github-attestations"

[tools.ruff."platforms.macos-x64"]
checksum = "sha256:a8a7a60182f66b5995bd16e1831cf013e89558edf52135a1b6646f155f491f98"
url = "https://github.com/astral-sh/ruff/releases/download/0.15.16/ruff-x86_64-apple-darwin.tar.gz"
provenance = "github-attestations"

[tools.ruff."platforms.macos-x64-baseline"]
checksum = "sha256:a8a7a60182f66b5995bd16e1831cf013e89558edf52135a1b6646f155f491f98"
url = "https://github.com/astral-sh/ruff/releases/download/0.15.16/ruff-x86_64-apple-darwin.tar.gz"
provenance = "github-attestations"

[tools.ruff."platforms.windows-x64"]
checksum = "sha256:b6c843fa84afb37af9d665a418324782ae18ea3dd1de775abfd7cf17f9431f85"
url = "https://github.com/astral-sh/ruff/releases/download/0.15.16/ruff-x86_64-pc-windows-msvc.zip"
provenance = "github-attestations"

[tools.ruff."platforms.windows-x64-baseline"]
checksum = "sha256:b6c843fa84afb37af9d665a418324782ae18ea3dd1de775abfd7cf17f9431f85"
url = "https://github.com/astral-sh/ruff/releases/download/0.15.16/ruff-x86_64-pc-windows-msvc.zip"
provenance = "github-attestations"

[[tools.rumdl]]
version = "0.2.10"
backend = "aqua:rvben/rumdl"

[tools.rumdl."platforms.linux-arm64"]
checksum = "sha256:5f1cdbed5defdfece686794e403620655ebe1ab2d59bcf122b076fc45cdc243e"
url = "https://github.com/rvben/rumdl/releases/download/v0.2.10/rumdl-v0.2.10-aarch64-unknown-linux-musl.tar.gz"
provenance = "github-attestations"

[tools.rumdl."platforms.linux-arm64-musl"]
checksum = "sha256:5f1cdbed5defdfece686794e403620655ebe1ab2d59bcf122b076fc45cdc243e"
url = "https://github.com/rvben/rumdl/releases/download/v0.2.10/rumdl-v0.2.10-aarch64-unknown-linux-musl.tar.gz"
provenance = "github-attestations"

[tools.rumdl."platforms.linux-x64"]
checksum = "sha256:80cfd41671943115f2381a94c6fd822982b324f364beb8ccfc565540272272c4"
url = "https://github.com/rvben/rumdl/releases/download/v0.2.10/rumdl-v0.2.10-x86_64-unknown-linux-musl.tar.gz"
provenance = "github-attestations"

[tools.rumdl."platforms.linux-x64-baseline"]
checksum = "sha256:80cfd41671943115f2381a94c6fd822982b324f364beb8ccfc565540272272c4"
url = "https://github.com/rvben/rumdl/releases/download/v0.2.10/rumdl-v0.2.10-x86_64-unknown-linux-musl.tar.gz"
provenance = "github-attestations"

[tools.rumdl."platforms.linux-x64-musl"]
checksum = "sha256:80cfd41671943115f2381a94c6fd822982b324f364beb8ccfc565540272272c4"
url = "https://github.com/rvben/rumdl/releases/download/v0.2.10/rumdl-v0.2.10-x86_64-unknown-linux-musl.tar.gz"
provenance = "github-attestations"

[tools.rumdl."platforms.linux-x64-musl-baseline"]
checksum = "sha256:80cfd41671943115f2381a94c6fd822982b324f364beb8ccfc565540272272c4"
url = "https://github.com/rvben/rumdl/releases/download/v0.2.10/rumdl-v0.2.10-x86_64-unknown-linux-musl.tar.gz"
provenance = "github-attestations"

[tools.rumdl."platforms.macos-arm64"]
checksum = "sha256:0a446ef96a326c30fe1f5e7a8dcd017356b65c0019d531f68d781bfe203fba62"
url = "https://github.com/rvben/rumdl/releases/download/v0.2.10/rumdl-v0.2.10-aarch64-apple-darwin.tar.gz"
provenance = "github-attestations"

[tools.rumdl."platforms.macos-x64"]
checksum = "sha256:ed2a45bed6801fef58f15de15ad07e3d7e4ae1968abe042e7d5e43f95ff30fed"
url = "https://github.com/rvben/rumdl/releases/download/v0.2.10/rumdl-v0.2.10-x86_64-apple-darwin.tar.gz"
provenance = "github-attestations"

[tools.rumdl."platforms.macos-x64-baseline"]
checksum = "sha256:ed2a45bed6801fef58f15de15ad07e3d7e4ae1968abe042e7d5e43f95ff30fed"
url = "https://github.com/rvben/rumdl/releases/download/v0.2.10/rumdl-v0.2.10-x86_64-apple-darwin.tar.gz"
provenance = "github-attestations"

[tools.rumdl."platforms.windows-x64"]
checksum = "sha256:309b5bb09a8b482994bf8eb4bc54a6b37f3cb8f3a9ceb74177c9b6feb45a3630"
url = "https://github.com/rvben/rumdl/releases/download/v0.2.10/rumdl-v0.2.10-x86_64-pc-windows-msvc.zip"
provenance = "github-attestations"

[tools.rumdl."platforms.windows-x64-baseline"]
checksum = "sha256:309b5bb09a8b482994bf8eb4bc54a6b37f3cb8f3a9ceb74177c9b6feb45a3630"
url = "https://github.com/rvben/rumdl/releases/download/v0.2.10/rumdl-v0.2.10-x86_64-pc-windows-msvc.zip"
provenance = "github-attestations"

[[tools.shellcheck]]
version = "0.11.0"
backend = "aqua:koalaman/shellcheck"

[tools.shellcheck."platforms.linux-arm64"]
checksum = "sha256:12b331c1d2db6b9eb13cfca64306b1b157a86eb69db83023e261eaa7e7c14588"
url = "https://github.com/koalaman/shellcheck/releases/download/v0.11.0/shellcheck-v0.11.0.linux.aarch64.tar.xz"

[tools.shellcheck."platforms.linux-arm64-musl"]
checksum = "sha256:12b331c1d2db6b9eb13cfca64306b1b157a86eb69db83023e261eaa7e7c14588"
url = "https://github.com/koalaman/shellcheck/releases/download/v0.11.0/shellcheck-v0.11.0.linux.aarch64.tar.xz"

[tools.shellcheck."platforms.linux-x64"]
checksum = "sha256:8c3be12b05d5c177a04c29e3c78ce89ac86f1595681cab149b65b97c4e227198"
url = "https://github.com/koalaman/shellcheck/releases/download/v0.11.0/shellcheck-v0.11.0.linux.x86_64.tar.xz"

[tools.shellcheck."platforms.linux-x64-baseline"]
checksum = "sha256:8c3be12b05d5c177a04c29e3c78ce89ac86f1595681cab149b65b97c4e227198"
url = "https://github.com/koalaman/shellcheck/releases/download/v0.11.0/shellcheck-v0.11.0.linux.x86_64.tar.xz"

[tools.shellcheck."platforms.linux-x64-musl"]
checksum = "sha256:8c3be12b05d5c177a04c29e3c78ce89ac86f1595681cab149b65b97c4e227198"
url = "https://github.com/koalaman/shellcheck/releases/download/v0.11.0/shellcheck-v0.11.0.linux.x86_64.tar.xz"

[tools.shellcheck."platforms.linux-x64-musl-baseline"]
checksum = "sha256:8c3be12b05d5c177a04c29e3c78ce89ac86f1595681cab149b65b97c4e227198"
url = "https://github.com/koalaman/shellcheck/releases/download/v0.11.0/shellcheck-v0.11.0.linux.x86_64.tar.xz"

[tools.shellcheck."platforms.macos-arm64"]
checksum = "sha256:56affdd8de5527894dca6dc3d7e0a99a873b0f004d7aabc30ae407d3f48b0a79"
url = "https://github.com/koalaman/shellcheck/releases/download/v0.11.0/shellcheck-v0.11.0.darwin.aarch64.tar.xz"

[tools.shellcheck."platforms.macos-x64"]
checksum = "sha256:3c89db4edcab7cf1c27bff178882e0f6f27f7afdf54e859fa041fca10febe4c6"
url = "https://github.com/koalaman/shellcheck/releases/download/v0.11.0/shellcheck-v0.11.0.darwin.x86_64.tar.xz"

[tools.shellcheck."platforms.macos-x64-baseline"]
checksum = "sha256:3c89db4edcab7cf1c27bff178882e0f6f27f7afdf54e859fa041fca10febe4c6"
url = "https://github.com/koalaman/shellcheck/releases/download/v0.11.0/shellcheck-v0.11.0.darwin.x86_64.tar.xz"

[tools.shellcheck."platforms.windows-x64"]
checksum = "sha256:8a4e35ab0b331c85d73567b12f2a444df187f483e5079ceffa6bda1faa2e740e"
url = "https://github.com/koalaman/shellcheck/releases/download/v0.11.0/shellcheck-v0.11.0.zip"

[tools.shellcheck."platforms.windows-x64-baseline"]
checksum = "sha256:8a4e35ab0b331c85d73567b12f2a444df187f483e5079ceffa6bda1faa2e740e"
url = "https://github.com/koalaman/shellcheck/releases/download/v0.11.0/shellcheck-v0.11.0.zip"

[[tools.shfmt]]
version = "3.13.1"
backend = "aqua:mvdan/sh"

[tools.shfmt."platforms.linux-arm64"]
checksum = "sha256:32d92acaa5cd8abb29fc49dac123dc412442d5713967819d8af2c29f1b3857c7"
url = "https://github.com/mvdan/sh/releases/download/v3.13.1/shfmt_v3.13.1_linux_arm64"

[tools.shfmt."platforms.linux-arm64-musl"]
checksum = "sha256:32d92acaa5cd8abb29fc49dac123dc412442d5713967819d8af2c29f1b3857c7"
url = "https://github.com/mvdan/sh/releases/download/v3.13.1/shfmt_v3.13.1_linux_arm64"

[tools.shfmt."platforms.linux-x64"]
checksum = "sha256:fb096c5d1ac6beabbdbaa2874d025badb03ee07929f0c9ff67563ce8c75398b1"
url = "https://github.com/mvdan/sh/releases/download/v3.13.1/shfmt_v3.13.1_linux_amd64"

[tools.shfmt."platforms.linux-x64-baseline"]
checksum = "sha256:fb096c5d1ac6beabbdbaa2874d025badb03ee07929f0c9ff67563ce8c75398b1"
url = "https://github.com/mvdan/sh/releases/download/v3.13.1/shfmt_v3.13.1_linux_amd64"

[tools.shfmt."platforms.linux-x64-musl"]
checksum = "sha256:fb096c5d1ac6beabbdbaa2874d025badb03ee07929f0c9ff67563ce8c75398b1"
url = "https://github.com/mvdan/sh/releases/download/v3.13.1/shfmt_v3.13.1_linux_amd64"

[tools.shfmt."platforms.linux-x64-musl-baseline"]
checksum = "sha256:fb096c5d1ac6beabbdbaa2874d025badb03ee07929f0c9ff67563ce8c75398b1"
url = "https://github.com/mvdan/sh/releases/download/v3.13.1/shfmt_v3.13.1_linux_amd64"

[tools.shfmt."platforms.macos-arm64"]
checksum = "sha256:9680526be4a66ea1ffe988ed08af58e1400fe1e4f4aef5bd88b20bb9b3da33f8"
url = "https://github.com/mvdan/sh/releases/download/v3.13.1/shfmt_v3.13.1_darwin_arm64"

[tools.shfmt."platforms.macos-x64"]
checksum = "sha256:6feedafc72915794163114f512348e2437d080d0047ef8b8fa2ec63b575f12af"
url = "https://github.com/mvdan/sh/releases/download/v3.13.1/shfmt_v3.13.1_darwin_amd64"

[tools.shfmt."platforms.macos-x64-baseline"]
checksum = "sha256:6feedafc72915794163114f512348e2437d080d0047ef8b8fa2ec63b575f12af"
url = "https://github.com/mvdan/sh/releases/download/v3.13.1/shfmt_v3.13.1_darwin_amd64"

[tools.shfmt."platforms.windows-x64"]
checksum = "sha256:60cd368533d0ad73fa86d93d5bbf95ef40587245ce684ed138c1b31557b5fe97"
url = "https://github.com/mvdan/sh/releases/download/v3.13.1/shfmt_v3.13.1_windows_amd64.exe"

[tools.shfmt."platforms.windows-x64-baseline"]
checksum = "sha256:60cd368533d0ad73fa86d93d5bbf95ef40587245ce684ed138c1b31557b5fe97"
url = "https://github.com/mvdan/sh/releases/download/v3.13.1/shfmt_v3.13.1_windows_amd64.exe"

[[tools.syft]]
version = "1.45.1"
backend = "aqua:anchore/syft"

[tools.syft."platforms.linux-arm64"]
checksum = "sha256:7df9f45cba1f6358ecfc7fac349d43b4605137001f9646b41267abe15a7c6cd7"
url = "https://github.com/anchore/syft/releases/download/v1.45.1/syft_1.45.1_linux_arm64.tar.gz"

[tools.syft."platforms.linux-arm64-musl"]
checksum = "sha256:7df9f45cba1f6358ecfc7fac349d43b4605137001f9646b41267abe15a7c6cd7"
url = "https://github.com/anchore/syft/releases/download/v1.45.1/syft_1.45.1_linux_arm64.tar.gz"

[tools.syft."platforms.linux-x64"]
checksum = "sha256:20c84195e24927f50a3b2269946be51f4c4abc9d2f145fee7388b4199149f716"
url = "https://github.com/anchore/syft/releases/download/v1.45.1/syft_1.45.1_linux_amd64.tar.gz"

[tools.syft."platforms.linux-x64-baseline"]
checksum = "sha256:20c84195e24927f50a3b2269946be51f4c4abc9d2f145fee7388b4199149f716"
url = "https://github.com/anchore/syft/releases/download/v1.45.1/syft_1.45.1_linux_amd64.tar.gz"

[tools.syft."platforms.linux-x64-musl"]
checksum = "sha256:20c84195e24927f50a3b2269946be51f4c4abc9d2f145fee7388b4199149f716"
url = "https://github.com/anchore/syft/releases/download/v1.45.1/syft_1.45.1_linux_amd64.tar.gz"

[tools.syft."platforms.linux-x64-musl-baseline"]
checksum = "sha256:20c84195e24927f50a3b2269946be51f4c4abc9d2f145fee7388b4199149f716"
url = "https://github.com/anchore/syft/releases/download/v1.45.1/syft_1.45.1_linux_amd64.tar.gz"

[tools.syft."platforms.macos-arm64"]
checksum = "sha256:2f79ccbba6236636125d1ece60a6dc71d4e4f91b9f580cc2afbbafc763ff353d"
url = "https://github.com/anchore/syft/releases/download/v1.45.1/syft_1.45.1_darwin_arm64.tar.gz"

[tools.syft."platforms.macos-x64"]
checksum = "sha256:abe6e73b819f433b69ece755dc180a19c7694896062bf806f89d0e3ca5db710a"
url = "https://github.com/anchore/syft/releases/download/v1.45.1/syft_1.45.1_darwin_amd64.tar.gz"

[tools.syft."platforms.macos-x64-baseline"]
checksum = "sha256:abe6e73b819f433b69ece755dc180a19c7694896062bf806f89d0e3ca5db710a"
url = "https://github.com/anchore/syft/releases/download/v1.45.1/syft_1.45.1_darwin_amd64.tar.gz"

[tools.syft."platforms.windows-x64"]
checksum = "sha256:a9d12c26521e09213745884b8b7dc361dff83188c3a1ada0da1af71012dbcd52"
url = "https://github.com/anchore/syft/releases/download/v1.45.1/syft_1.45.1_windows_amd64.zip"

[tools.syft."platforms.windows-x64-baseline"]
checksum = "sha256:a9d12c26521e09213745884b8b7dc361dff83188c3a1ada0da1af71012dbcd52"
url = "https://github.com/anchore/syft/releases/download/v1.45.1/syft_1.45.1_windows_amd64.zip"

[[tools.tombi]]
version = "1.1.2"
backend = "aqua:tombi-toml/tombi"

[tools.tombi."platforms.linux-arm64"]
checksum = "sha256:e12b92009e489a21b3dedddb1b74cf54416b86ef58dc7f3efb56bb7fbf9158f4"
url = "https://github.com/tombi-toml/tombi/releases/download/v1.1.2/tombi-cli-1.1.2-aarch64-unknown-linux-musl.tar.gz"

[tools.tombi."platforms.linux-arm64-musl"]
checksum = "sha256:e12b92009e489a21b3dedddb1b74cf54416b86ef58dc7f3efb56bb7fbf9158f4"
url = "https://github.com/tombi-toml/tombi/releases/download/v1.1.2/tombi-cli-1.1.2-aarch64-unknown-linux-musl.tar.gz"

[tools.tombi."platforms.linux-x64"]
checksum = "sha256:6a435cd296247e17f7971e3616370e3d0651c18301c2346872794e1903366440"
url = "https://github.com/tombi-toml/tombi/releases/download/v1.1.2/tombi-cli-1.1.2-x86_64-unknown-linux-musl.tar.gz"

[tools.tombi."platforms.linux-x64-baseline"]
checksum = "sha256:6a435cd296247e17f7971e3616370e3d0651c18301c2346872794e1903366440"
url = "https://github.com/tombi-toml/tombi/releases/download/v1.1.2/tombi-cli-1.1.2-x86_64-unknown-linux-musl.tar.gz"

[tools.tombi."platforms.linux-x64-musl"]
checksum = "sha256:6a435cd296247e17f7971e3616370e3d0651c18301c2346872794e1903366440"
url = "https://github.com/tombi-toml/tombi/releases/download/v1.1.2/tombi-cli-1.1.2-x86_64-unknown-linux-musl.tar.gz"

[tools.tombi."platforms.linux-x64-musl-baseline"]
checksum = "sha256:6a435cd296247e17f7971e3616370e3d0651c18301c2346872794e1903366440"
url = "https://github.com/tombi-toml/tombi/releases/download/v1.1.2/tombi-cli-1.1.2-x86_64-unknown-linux-musl.tar.gz"

[tools.tombi."platforms.macos-arm64"]
checksum = "sha256:e0b670cb6a1e5a49c608838a5fcb7fec6020ee9596288fba17400a48a79feb5b"
url = "https://github.com/tombi-toml/tombi/releases/download/v1.1.2/tombi-cli-1.1.2-aarch64-apple-darwin.tar.gz"

[tools.tombi."platforms.macos-x64"]
checksum = "sha256:169241e4050a427d20b173f324a913e56f5504d565d56e4f3c87e4b2f0451829"
url = "https://github.com/tombi-toml/tombi/releases/download/v1.1.2/tombi-cli-1.1.2-x86_64-apple-darwin.tar.gz"

[tools.tombi."platforms.macos-x64-baseline"]
checksum = "sha256:169241e4050a427d20b173f324a913e56f5504d565d56e4f3c87e4b2f0451829"
url = "https://github.com/tombi-toml/tombi/releases/download/v1.1.2/tombi-cli-1.1.2-x86_64-apple-darwin.tar.gz"

[tools.tombi."platforms.windows-x64"]
checksum = "sha256:8845ade444df7b87e9199a65b8a70594920a74c05740fd8e8763f8083e751752"
url = "https://github.com/tombi-toml/tombi/releases/download/v1.1.2/tombi-cli-1.1.2-x86_64-pc-windows-msvc.zip"

[tools.tombi."platforms.windows-x64-baseline"]
checksum = "sha256:8845ade444df7b87e9199a65b8a70594920a74c05740fd8e8763f8083e751752"
url = "https://github.com/tombi-toml/tombi/releases/download/v1.1.2/tombi-cli-1.1.2-x86_64-pc-windows-msvc.zip"

[[tools.ty]]
version = "0.0.46"
backend = "aqua:astral-sh/ty"

[tools.ty."platforms.linux-arm64"]
checksum = "sha256:ca33ff56a44ee1a9c58b0c3dfb416f9daf1c5b3e018bdb1d1a0134b7dfafa858"
url = "https://github.com/astral-sh/ty/releases/download/0.0.46/ty-aarch64-unknown-linux-musl.tar.gz"
provenance = "github-attestations"

[tools.ty."platforms.linux-arm64-musl"]
checksum = "sha256:ca33ff56a44ee1a9c58b0c3dfb416f9daf1c5b3e018bdb1d1a0134b7dfafa858"
url = "https://github.com/astral-sh/ty/releases/download/0.0.46/ty-aarch64-unknown-linux-musl.tar.gz"
provenance = "github-attestations"

[tools.ty."platforms.linux-x64"]
checksum = "sha256:ce12c277f187a5c586584e343668479593856ad8e5cc5a6c011d3e30bfa314b5"
url = "https://github.com/astral-sh/ty/releases/download/0.0.46/ty-x86_64-unknown-linux-musl.tar.gz"
provenance = "github-attestations"

[tools.ty."platforms.linux-x64-baseline"]
checksum = "sha256:ce12c277f187a5c586584e343668479593856ad8e5cc5a6c011d3e30bfa314b5"
url = "https://github.com/astral-sh/ty/releases/download/0.0.46/ty-x86_64-unknown-linux-musl.tar.gz"
provenance = "github-attestations"

[tools.ty."platforms.linux-x64-musl"]
checksum = "sha256:ce12c277f187a5c586584e343668479593856ad8e5cc5a6c011d3e30bfa314b5"
url = "https://github.com/astral-sh/ty/releases/download/0.0.46/ty-x86_64-unknown-linux-musl.tar.gz"
provenance = "github-attestations"

[tools.ty."platforms.linux-x64-musl-baseline"]
checksum = "sha256:ce12c277f187a5c586584e343668479593856ad8e5cc5a6c011d3e30bfa314b5"
url = "https://github.com/astral-sh/ty/releases/download/0.0.46/ty-x86_64-unknown-linux-musl.tar.gz"
provenance = "github-attestations"

[tools.ty."platforms.macos-arm64"]
checksum = "sha256:4f6bffee3b39325625f66b3070d6477459c2d76d334d489602ff11a7b8cac12b"
url = "https://github.com/astral-sh/ty/releases/download/0.0.46/ty-aarch64-apple-darwin.tar.gz"
provenance = "github-attestations"

[tools.ty."platforms.macos-x64"]
checksum = "sha256:9e7f88d34a863bd1598855bea2ae13be6abea03c5dc0bf23b36457214490a314"
url = "https://github.com/astral-sh/ty/releases/download/0.0.46/ty-x86_64-apple-darwin.tar.gz"
provenance = "github-attestations"

[tools.ty."platforms.macos-x64-baseline"]
checksum = "sha256:9e7f88d34a863bd1598855bea2ae13be6abea03c5dc0bf23b36457214490a314"
url = "https://github.com/astral-sh/ty/releases/download/0.0.46/ty-x86_64-apple-darwin.tar.gz"
provenance = "github-attestations"

[tools.ty."platforms.windows-x64"]
checksum = "sha256:a2819ca0fe04067e9eacecc52745da01ecef860f7f33b644e1ba406cb157aa33"
url = "https://github.com/astral-sh/ty/releases/download/0.0.46/ty-x86_64-pc-windows-msvc.zip"
provenance = "github-attestations"

[tools.ty."platforms.windows-x64-baseline"]
checksum = "sha256:a2819ca0fe04067e9eacecc52745da01ecef860f7f33b644e1ba406cb157aa33"
url = "https://github.com/astral-sh/ty/releases/download/0.0.46/ty-x86_64-pc-windows-msvc.zip"
provenance = "github-attestations"

[[tools.uv]]
version = "0.11.19"
backend = "aqua:astral-sh/uv"

[tools.uv."platforms.linux-arm64"]
checksum = "sha256:767629b64cdf078c32e42819db28d5ca868b8dc7e3a879967fadc3e4f7f66be3"
url = "https://github.com/astral-sh/uv/releases/download/0.11.19/uv-aarch64-unknown-linux-musl.tar.gz"
provenance = "github-attestations"

[tools.uv."platforms.linux-arm64-musl"]
checksum = "sha256:767629b64cdf078c32e42819db28d5ca868b8dc7e3a879967fadc3e4f7f66be3"
url = "https://github.com/astral-sh/uv/releases/download/0.11.19/uv-aarch64-unknown-linux-musl.tar.gz"
provenance = "github-attestations"

[tools.uv."platforms.linux-x64"]
checksum = "sha256:c4c0d0a383413261af5f0f0743e1292f4aafbe907987ed83bd0ac66f0a3d7e20"
url = "https://github.com/astral-sh/uv/releases/download/0.11.19/uv-x86_64-unknown-linux-musl.tar.gz"
provenance = "github-attestations"

[tools.uv."platforms.linux-x64-baseline"]
checksum = "sha256:c4c0d0a383413261af5f0f0743e1292f4aafbe907987ed83bd0ac66f0a3d7e20"
url = "https://github.com/astral-sh/uv/releases/download/0.11.19/uv-x86_64-unknown-linux-musl.tar.gz"
provenance = "github-attestations"

[tools.uv."platforms.linux-x64-musl"]
checksum = "sha256:c4c0d0a383413261af5f0f0743e1292f4aafbe907987ed83bd0ac66f0a3d7e20"
url = "https://github.com/astral-sh/uv/releases/download/0.11.19/uv-x86_64-unknown-linux-musl.tar.gz"
provenance = "github-attestations"

[tools.uv."platforms.linux-x64-musl-baseline"]
checksum = "sha256:c4c0d0a383413261af5f0f0743e1292f4aafbe907987ed83bd0ac66f0a3d7e20"
url = "https://github.com/astral-sh/uv/releases/download/0.11.19/uv-x86_64-unknown-linux-musl.tar.gz"
provenance = "github-attestations"

[tools.uv."platforms.macos-arm64"]
checksum = "sha256:d8f59c38e8c4168ee468d423cd63184be12fa6995a4283d41ee1a14d003c9453"
url = "https://github.com/astral-sh/uv/releases/download/0.11.19/uv-aarch64-apple-darwin.tar.gz"
provenance = "github-attestations"

[tools.uv."platforms.macos-x64"]
checksum = "sha256:1585f415cade9f061e7f00fe5b00030a79ccfac60c650242ce639ba946138d40"
url = "https://github.com/astral-sh/uv/releases/download/0.11.19/uv-x86_64-apple-darwin.tar.gz"
provenance = "github-attestations"

[tools.uv."platforms.macos-x64-baseline"]
checksum = "sha256:1585f415cade9f061e7f00fe5b00030a79ccfac60c650242ce639ba946138d40"
url = "https://github.com/astral-sh/uv/releases/download/0.11.19/uv-x86_64-apple-darwin.tar.gz"
provenance = "github-attestations"

[tools.uv."platforms.windows-x64"]
checksum = "sha256:1665fc8e37b5d70a134820d6d7891747471a2ac8bc940ee7af0b69fd03b28d61"
url = "https://github.com/astral-sh/uv/releases/download/0.11.19/uv-x86_64-pc-windows-msvc.zip"
provenance = "github-attestations"

[tools.uv."platforms.windows-x64-baseline"]
checksum = "sha256:1665fc8e37b5d70a134820d6d7891747471a2ac8bc940ee7af0b69fd03b28d61"
url = "https://github.com/astral-sh/uv/releases/download/0.11.19/uv-x86_64-pc-windows-msvc.zip"
provenance = "github-attestations"
