# @generated - this file is auto-generated by `mise lock` https://mise.en.dev/dev-tools/mise-lock.html

[[tools.python]]
version = "3.11.15"
backend = "core:python"

[tools.python."platforms.linux-arm64"]
checksum = "sha256:e244df64d3f281d2cf33f492499a33a1cf5d872936ffc402ece48b833819c2a7"
url = "https://github.com/astral-sh/python-build-standalone/releases/download/20260414/cpython-3.11.15+20260414-aarch64-unknown-linux-gnu-install_only_stripped.tar.gz"
provenance = "github-attestations"

[tools.python."platforms.linux-arm64-musl"]
checksum = "sha256:0992a56583cc9dd22915413cea71f1d7df94c266f4e9790f32968f47f1f88109"
url = "https://github.com/astral-sh/python-build-standalone/releases/download/20260414/cpython-3.11.15+20260414-aarch64-unknown-linux-musl-install_only_stripped.tar.gz"
provenance = "github-attestations"

[tools.python."platforms.linux-x64"]
checksum = "blake3:2148679305835b9424d6bcbc6d3c925593e7d81eefe248f16fa0dfb42d193595"
url = "https://github.com/astral-sh/python-build-standalone/releases/download/20260414/cpython-3.11.15+20260414-x86_64-unknown-linux-gnu-install_only_stripped.tar.gz"
provenance = "github-attestations"

[tools.python."platforms.linux-x64-musl"]
checksum = "sha256:fe527bf795cc18e0430e73bfabb82d0427f6f6af00596b3534934c9ed325d50a"
url = "https://github.com/astral-sh/python-build-standalone/releases/download/20260414/cpython-3.11.15+20260414-x86_64-unknown-linux-musl-install_only_stripped.tar.gz"
provenance = "github-attestations"

[tools.python."platforms.macos-arm64"]
checksum = "sha256:7089d127a9933d860b3e4ae704234c664d2713825f27c0c6b89dd399adabbdf6"
url = "https://github.com/astral-sh/python-build-standalone/releases/download/20260414/cpython-3.11.15+20260414-aarch64-apple-darwin-install_only_stripped.tar.gz"
provenance = "github-attestations"

[tools.python."platforms.macos-x64"]
checksum = "sha256:7a7891dae2d45cd03e9a029db87923e913a0e9ed77fe03173c5c462ccedae594"
url = "https://github.com/astral-sh/python-build-standalone/releases/download/20260414/cpython-3.11.15+20260414-x86_64-apple-darwin-install_only_stripped.tar.gz"
provenance = "github-attestations"

[tools.python."platforms.windows-x64"]
checksum = "sha256:71ffdf290e0483f0881e02518ecb9cedb449807856ae7dc76aa630e5acd00919"
url = "https://github.com/astral-sh/python-build-standalone/releases/download/20260414/cpython-3.11.15+20260414-x86_64-pc-windows-msvc-install_only_stripped.tar.gz"
provenance = "github-attestations"

[[tools.uv]]
version = "0.11.8"
backend = "aqua:astral-sh/uv"

[tools.uv."platforms.linux-arm64"]
checksum = "sha256:29418befb64f926a2dba3473e8e69acd00b36fb845d85344ef11321a993ad8f5"
url = "https://github.com/astral-sh/uv/releases/download/0.11.8/uv-aarch64-unknown-linux-musl.tar.gz"
provenance = "github-attestations"

[tools.uv."platforms.linux-arm64-musl"]
checksum = "sha256:29418befb64f926a2dba3473e8e69acd00b36fb845d85344ef11321a993ad8f5"
url = "https://github.com/astral-sh/uv/releases/download/0.11.8/uv-aarch64-unknown-linux-musl.tar.gz"
provenance = "github-attestations"

[tools.uv."platforms.linux-x64"]
checksum = "sha256:de82507d12e31cfc86c1c776238f7c248e48e40d996dedc812d64fdd31c6ed12"
url = "https://github.com/astral-sh/uv/releases/download/0.11.8/uv-x86_64-unknown-linux-musl.tar.gz"
provenance = "github-attestations"

[tools.uv."platforms.linux-x64-musl"]
checksum = "sha256:de82507d12e31cfc86c1c776238f7c248e48e40d996dedc812d64fdd31c6ed12"
url = "https://github.com/astral-sh/uv/releases/download/0.11.8/uv-x86_64-unknown-linux-musl.tar.gz"
provenance = "github-attestations"

[tools.uv."platforms.macos-arm64"]
checksum = "sha256:c729adb365114e844dd7f9316313a7ed6443b89bb5681d409eebac78b0bd06c8"
url = "https://github.com/astral-sh/uv/releases/download/0.11.8/uv-aarch64-apple-darwin.tar.gz"
provenance = "github-attestations"

[tools.uv."platforms.macos-x64"]
checksum = "sha256:c59d73bf34b58bc8e33a11629f7a255c11789fd00f03cd3e68ab2d1603645de9"
url = "https://github.com/astral-sh/uv/releases/download/0.11.8/uv-x86_64-apple-darwin.tar.gz"
provenance = "github-attestations"

[tools.uv."platforms.windows-x64"]
checksum = "sha256:c84629a56e0706b69a47ea35862208af827cb6fbfa1d0ca763c52c67594637e8"
url = "https://github.com/astral-sh/uv/releases/download/0.11.8/uv-x86_64-pc-windows-msvc.zip"
provenance = "github-attestations"
